
Microsoft Visual Studio Solution File, Format Version 12.00
# Visual Studio Express 2012 for Windows Desktop
Project("{FAE04EC0-301F-11D3-BF4B-00C04F79EFBC}") = "MainProject", "MainProject\MainProject.csproj", "{6FF3ECBC-E25A-4BCA-BE89-D48F58ABE9E1}"
	ProjectSection(ProjectDependencies) = postProject
		{08050BB0-5EE8-41BF-A364-BA81D123EF4F} = {08050BB0-5EE8-41BF-A364-BA81D123EF4F}
	EndProjectSection
EndProject
Project("{FAE04EC0-301F-11D3-BF4B-00C04F79EFBC}") = "SensorAverage", "SensorAverage\SensorAverage.csproj", "{08050BB0-5EE8-41BF-A364-BA81D123EF4F}"
EndProject
Project("{FAE04EC0-301F-11D3-BF4B-00C04F79EFBC}") = "Miner", "Miner\Miner.csproj", "{66BBEA79-3DFC-4C14-8869-F8F384C0D7FB}"
EndProject
Project("{FAE04EC0-301F-11D3-BF4B-00C04F79EFBC}") = "Arrays2", "Arrays2\Arrays2.csproj", "{1EBFC6AC-957D-44CB-B69F-808129D6F38C}"
EndProject
Project("{FAE04EC0-301F-11D3-BF4B-00C04F79EFBC}") = "Collections", "Collections\Collections.csproj", "{15D75C11-AE96-4B8C-A5F8-3B35BF40C184}"
EndProject
Project("{FAE04EC0-301F-11D3-BF4B-00C04F79EFBC}") = "Encapsulation", "Encapsulation\Encapsulation.csproj", "{0B86DA56-DD67-4418-A8A4-9A6E058EC444}"
EndProject
Global
	GlobalSection(SolutionConfigurationPlatforms) = preSolution
		Debug|Any CPU = Debug|Any CPU
		Release|Any CPU = Release|Any CPU
	EndGlobalSection
	GlobalSection(ProjectConfigurationPlatforms) = postSolution
		{6FF3ECBC-E25A-4BCA-BE89-D48F58ABE9E1}.Debug|Any CPU.ActiveCfg = Debug|Any CPU
		{6FF3ECBC-E25A-4BCA-BE89-D48F58ABE9E1}.Debug|Any CPU.Build.0 = Debug|Any CPU
		{6FF3ECBC-E25A-4BCA-BE89-D48F58ABE9E1}.Release|Any CPU.ActiveCfg = Release|Any CPU
		{6FF3ECBC-E25A-4BCA-BE89-D48F58ABE9E1}.Release|Any CPU.Build.0 = Release|Any CPU
		{08050BB0-5EE8-41BF-A364-BA81D123EF4F}.Debug|Any CPU.ActiveCfg = Debug|Any CPU
		{08050BB0-5EE8-41BF-A364-BA81D123EF4F}.Debug|Any CPU.Build.0 = Debug|Any CPU
		{08050BB0-5EE8-41BF-A364-BA81D123EF4F}.Release|Any CPU.ActiveCfg = Release|Any CPU
		{08050BB0-5EE8-41BF-A364-BA81D123EF4F}.Release|Any CPU.Build.0 = Release|Any CPU
		{66BBEA79-3DFC-4C14-8869-F8F384C0D7FB}.Debug|Any CPU.ActiveCfg = Debug|Any CPU
		{66BBEA79-3DFC-4C14-8869-F8F384C0D7FB}.Debug|Any CPU.Build.0 = Debug|Any CPU
		{66BBEA79-3DFC-4C14-8869-F8F384C0D7FB}.Release|Any CPU.ActiveCfg = Release|Any CPU
		{66BBEA79-3DFC-4C14-8869-F8F384C0D7FB}.Release|Any CPU.Build.0 = Release|Any CPU
		{1EBFC6AC-957D-44CB-B69F-808129D6F38C}.Debug|Any CPU.ActiveCfg = Debug|Any CPU
		{1EBFC6AC-957D-44CB-B69F-808129D6F38C}.Debug|Any CPU.Build.0 = Debug|Any CPU
		{1EBFC6AC-957D-44CB-B69F-808129D6F38C}.Release|Any CPU.ActiveCfg = Release|Any CPU
		{1EBFC6AC-957D-44CB-B69F-808129D6F38C}.Release|Any CPU.Build.0 = Release|Any CPU
		{15D75C11-AE96-4B8C-A5F8-3B35BF40C184}.Debug|Any CPU.ActiveCfg = Debug|Any CPU
		{15D75C11-AE96-4B8C-A5F8-3B35BF40C184}.Debug|Any CPU.Build.0 = Debug|Any CPU
		{15D75C11-AE96-4B8C-A5F8-3B35BF40C184}.Release|Any CPU.ActiveCfg = Release|Any CPU
		{15D75C11-AE96-4B8C-A5F8-3B35BF40C184}.Release|Any CPU.Build.0 = Release|Any CPU
		{0B86DA56-DD67-4418-A8A4-9A6E058EC444}.Debug|Any CPU.ActiveCfg = Debug|Any CPU
		{0B86DA56-DD67-4418-A8A4-9A6E058EC444}.Debug|Any CPU.Build.0 = Debug|Any CPU
		{0B86DA56-DD67-4418-A8A4-9A6E058EC444}.Release|Any CPU.ActiveCfg = Release|Any CPU
		{0B86DA56-DD67-4418-A8A4-9A6E058EC444}.Release|Any CPU.Build.0 = Release|Any CPU
	EndGlobalSection
	GlobalSection(SolutionProperties) = preSolution
		HideSolutionNode = FALSE
	EndGlobalSection
EndGlobal
